
Microsoft Visual Studio Solution File, Format Version 10.00
# Visual Studio 2008
Project("{FAE04EC0-301F-11D3-BF4B-00C04F79EFBC}") = "SyncProofConcept", "SyncProofConcept.csproj", "{662F3DE9-9824-4C40-AF20-88EF9CC85649}"
EndProject
Global
	GlobalSection(SolutionConfigurationPlatforms) = preSolution
		Debug|Any CPU = Debug|Any CPU
		Release|Any CPU = Release|Any CPU
	EndGlobalSection
	GlobalSection(ProjectConfigurationPlatforms) = postSolution
		{662F3DE9-9824-4C40-AF20-88EF9CC85649}.Debug|Any CPU.ActiveCfg = Debug|Any CPU
		{662F3DE9-9824-4C40-AF20-88EF9CC85649}.Debug|Any CPU.Build.0 = Debug|Any CPU
		{662F3DE9-9824-4C40-AF20-88EF9CC85649}.Release|Any CPU.ActiveCfg = Release|Any CPU
		{662F3DE9-9824-4C40-AF20-88EF9CC85649}.Release|Any CPU.Build.0 = Release|Any CPU
	EndGlobalSection
	GlobalSection(SolutionProperties) = preSolution
		HideSolutionNode = FALSE
	EndGlobalSection
EndGlobal
